
Microsoft Visual Studio Solution File, Format Version 12.00
# Visual Studio Version 17
VisualStudioVersion = 17.11.35303.130
MinimumVisualStudioVersion = 10.0.40219.1
Project("{9A19103F-16F7-4668-BE54-9A1E7A4F7556}") = "nutriapp.api", "nutriapp.api\nutriapp.api.csproj", "{3CB77311-A7D2-49B1-835A-50ED6EEC36EA}"
	ProjectSection(ProjectDependencies) = postProject
		{96032AAF-FC94-455C-AEEA-DC9C0C2B1DA9} = {96032AAF-FC94-455C-AEEA-DC9C0C2B1DA9}
		{EAF40A82-313D-4F24-9A81-3C6113493B5E} = {EAF40A82-313D-4F24-9A81-3C6113493B5E}
	EndProjectSection
EndProject
Project("{9A19103F-16F7-4668-BE54-9A1E7A4F7556}") = "nutriapp.core", "nutriapp.core\nutriapp.core.csproj", "{96032AAF-FC94-455C-AEEA-DC9C0C2B1DA9}"
EndProject
Project("{9A19103F-16F7-4668-BE54-9A1E7A4F7556}") = "nutriapp.infrastructure", "nutriapp.infrastructure\nutriapp.infrastructure.csproj", "{EAF40A82-313D-4F24-9A81-3C6113493B5E}"
	ProjectSection(ProjectDependencies) = postProject
		{96032AAF-FC94-455C-AEEA-DC9C0C2B1DA9} = {96032AAF-FC94-455C-AEEA-DC9C0C2B1DA9}
	EndProjectSection
EndProject
Project("{FAE04EC0-301F-11D3-BF4B-00C04F79EFBC}") = "nutriapp.business", "nutriapp.business\nutriapp.business.csproj", "{1C6CAC75-A844-47F5-98DB-9C8D10E89AB7}"
EndProject
Project("{FAE04EC0-301F-11D3-BF4B-00C04F79EFBC}") = "nutriapp.models", "nutriapp.models\nutriapp.models.csproj", "{E46C87CB-F2E6-45D4-BAE3-5342F5F1D941}"
EndProject
Global
	GlobalSection(SolutionConfigurationPlatforms) = preSolution
		Debug|Any CPU = Debug|Any CPU
		Release|Any CPU = Release|Any CPU
	EndGlobalSection
	GlobalSection(ProjectConfigurationPlatforms) = postSolution
		{3CB77311-A7D2-49B1-835A-50ED6EEC36EA}.Debug|Any CPU.ActiveCfg = Debug|Any CPU
		{3CB77311-A7D2-49B1-835A-50ED6EEC36EA}.Debug|Any CPU.Build.0 = Debug|Any CPU
		{3CB77311-A7D2-49B1-835A-50ED6EEC36EA}.Release|Any CPU.ActiveCfg = Release|Any CPU
		{3CB77311-A7D2-49B1-835A-50ED6EEC36EA}.Release|Any CPU.Build.0 = Release|Any CPU
		{96032AAF-FC94-455C-AEEA-DC9C0C2B1DA9}.Debug|Any CPU.ActiveCfg = Debug|Any CPU
		{96032AAF-FC94-455C-AEEA-DC9C0C2B1DA9}.Debug|Any CPU.Build.0 = Debug|Any CPU
		{96032AAF-FC94-455C-AEEA-DC9C0C2B1DA9}.Release|Any CPU.ActiveCfg = Release|Any CPU
		{96032AAF-FC94-455C-AEEA-DC9C0C2B1DA9}.Release|Any CPU.Build.0 = Release|Any CPU
		{EAF40A82-313D-4F24-9A81-3C6113493B5E}.Debug|Any CPU.ActiveCfg = Debug|Any CPU
		{EAF40A82-313D-4F24-9A81-3C6113493B5E}.Debug|Any CPU.Build.0 = Debug|Any CPU
		{EAF40A82-313D-4F24-9A81-3C6113493B5E}.Release|Any CPU.ActiveCfg = Release|Any CPU
		{EAF40A82-313D-4F24-9A81-3C6113493B5E}.Release|Any CPU.Build.0 = Release|Any CPU
		{1C6CAC75-A844-47F5-98DB-9C8D10E89AB7}.Debug|Any CPU.ActiveCfg = Debug|Any CPU
		{1C6CAC75-A844-47F5-98DB-9C8D10E89AB7}.Debug|Any CPU.Build.0 = Debug|Any CPU
		{1C6CAC75-A844-47F5-98DB-9C8D10E89AB7}.Release|Any CPU.ActiveCfg = Release|Any CPU
		{1C6CAC75-A844-47F5-98DB-9C8D10E89AB7}.Release|Any CPU.Build.0 = Release|Any CPU
		{E46C87CB-F2E6-45D4-BAE3-5342F5F1D941}.Debug|Any CPU.ActiveCfg = Debug|Any CPU
		{E46C87CB-F2E6-45D4-BAE3-5342F5F1D941}.Debug|Any CPU.Build.0 = Debug|Any CPU
		{E46C87CB-F2E6-45D4-BAE3-5342F5F1D941}.Release|Any CPU.ActiveCfg = Release|Any CPU
		{E46C87CB-F2E6-45D4-BAE3-5342F5F1D941}.Release|Any CPU.Build.0 = Release|Any CPU
	EndGlobalSection
	GlobalSection(SolutionProperties) = preSolution
		HideSolutionNode = FALSE
	EndGlobalSection
	GlobalSection(ExtensibilityGlobals) = postSolution
		SolutionGuid = {F04DC7CC-7E5B-4BF1-B6BB-0745DF70D6E8}
	EndGlobalSection
EndGlobal
